
Microsoft Visual Studio Solution File, Format Version 12.00
# Visual Studio Version 17
VisualStudioVersion = 17.11.35303.130
MinimumVisualStudioVersion = 10.0.40219.1
Project("{FAE04EC0-301F-11D3-BF4B-00C04F79EFBC}") = "Mastermind-PE-2", "Mastermind-PE-2\Mastermind-PE-2.csproj", "{0A8376D2-BFAE-4007-93B9-155D1406A472}"
EndProject
Global
	GlobalSection(SolutionConfigurationPlatforms) = preSolution
		Debug|Any CPU = Debug|Any CPU
		Release|Any CPU = Release|Any CPU
	EndGlobalSection
	GlobalSection(ProjectConfigurationPlatforms) = postSolution
		{0A8376D2-BFAE-4007-93B9-155D1406A472}.Debug|Any CPU.ActiveCfg = Debug|Any CPU
		{0A8376D2-BFAE-4007-93B9-155D1406A472}.Debug|Any CPU.Build.0 = Debug|Any CPU
		{0A8376D2-BFAE-4007-93B9-155D1406A472}.Release|Any CPU.ActiveCfg = Release|Any CPU
		{0A8376D2-BFAE-4007-93B9-155D1406A472}.Release|Any CPU.Build.0 = Release|Any CPU
	EndGlobalSection
	GlobalSection(SolutionProperties) = preSolution
		HideSolutionNode = FALSE
	EndGlobalSection
	GlobalSection(ExtensibilityGlobals) = postSolution
		SolutionGuid = {F37DD70E-F909-41EA-AEC5-9EDFE629BD55}
	EndGlobalSection
EndGlobal
